
Microsoft Visual Studio Solution File, Format Version 12.00
# Visual Studio Version 17
VisualStudioVersion = 17.9.34728.123
MinimumVisualStudioVersion = 10.0.40219.1
Project("{9A19103F-16F7-4668-BE54-9A1E7A4F7556}") = "Password_keeper", "Password_keeper\Password_keeper.csproj", "{73D6D018-69D2-4B17-BAAC-81DF9CD470B9}"
EndProject
Project("{FAE04EC0-301F-11D3-BF4B-00C04F79EFBC}") = "Password_keeper.test", "Password_keeper.test\Password_keeper.test.csproj", "{4BB63808-E2A9-484E-B6A2-51D9CE4646EB}"
EndProject
Global
	GlobalSection(SolutionConfigurationPlatforms) = preSolution
		Debug|Any CPU = Debug|Any CPU
		Release|Any CPU = Release|Any CPU
	EndGlobalSection
	GlobalSection(ProjectConfigurationPlatforms) = postSolution
		{73D6D018-69D2-4B17-BAAC-81DF9CD470B9}.Debug|Any CPU.ActiveCfg = Debug|Any CPU
		{73D6D018-69D2-4B17-BAAC-81DF9CD470B9}.Debug|Any CPU.Build.0 = Debug|Any CPU
		{73D6D018-69D2-4B17-BAAC-81DF9CD470B9}.Release|Any CPU.ActiveCfg = Release|Any CPU
		{73D6D018-69D2-4B17-BAAC-81DF9CD470B9}.Release|Any CPU.Build.0 = Release|Any CPU
		{4BB63808-E2A9-484E-B6A2-51D9CE4646EB}.Debug|Any CPU.ActiveCfg = Debug|Any CPU
		{4BB63808-E2A9-484E-B6A2-51D9CE4646EB}.Debug|Any CPU.Build.0 = Debug|Any CPU
		{4BB63808-E2A9-484E-B6A2-51D9CE4646EB}.Release|Any CPU.ActiveCfg = Release|Any CPU
		{4BB63808-E2A9-484E-B6A2-51D9CE4646EB}.Release|Any CPU.Build.0 = Release|Any CPU
	EndGlobalSection
	GlobalSection(SolutionProperties) = preSolution
		HideSolutionNode = FALSE
	EndGlobalSection
	GlobalSection(ExtensibilityGlobals) = postSolution
		SolutionGuid = {2954381D-5955-4AFD-8457-93CA64D65107}
	EndGlobalSection
EndGlobal
